
Microsoft Visual Studio Solution File, Format Version 10.00
# Visual C++ Express 2008
Project("{8BC9CEB8-8B4A-11D0-8D11-00A0C91BC942}") = "Programm 6.5 größte Abweichung", "Programm 6.5 größte Abweichung\Programm 6.5 größte Abweichung.vcproj", "{671D93E9-FB5F-4211-9E4F-6B50F71415B0}"
EndProject
Global
	GlobalSection(SolutionConfigurationPlatforms) = preSolution
		Debug|Win32 = Debug|Win32
		Release|Win32 = Release|Win32
	EndGlobalSection
	GlobalSection(ProjectConfigurationPlatforms) = postSolution
		{671D93E9-FB5F-4211-9E4F-6B50F71415B0}.Debug|Win32.ActiveCfg = Debug|Win32
		{671D93E9-FB5F-4211-9E4F-6B50F71415B0}.Debug|Win32.Build.0 = Debug|Win32
		{671D93E9-FB5F-4211-9E4F-6B50F71415B0}.Release|Win32.ActiveCfg = Release|Win32
		{671D93E9-FB5F-4211-9E4F-6B50F71415B0}.Release|Win32.Build.0 = Release|Win32
	EndGlobalSection
	GlobalSection(SolutionProperties) = preSolution
		HideSolutionNode = FALSE
	EndGlobalSection
EndGlobal
