
Microsoft Visual Studio Solution File, Format Version 10.00
# Visual C++ Express 2008
Project("{8BC9CEB8-8B4A-11D0-8D11-00A0C91BC942}") = "Programm932", "Programm932\Programm932.vcproj", "{7ED38870-7583-4E2D-B7EB-DC7FA4193E8D}"
EndProject
Global
	GlobalSection(SolutionConfigurationPlatforms) = preSolution
		Debug|Win32 = Debug|Win32
		Release|Win32 = Release|Win32
	EndGlobalSection
	GlobalSection(ProjectConfigurationPlatforms) = postSolution
		{7ED38870-7583-4E2D-B7EB-DC7FA4193E8D}.Debug|Win32.ActiveCfg = Debug|Win32
		{7ED38870-7583-4E2D-B7EB-DC7FA4193E8D}.Debug|Win32.Build.0 = Debug|Win32
		{7ED38870-7583-4E2D-B7EB-DC7FA4193E8D}.Release|Win32.ActiveCfg = Release|Win32
		{7ED38870-7583-4E2D-B7EB-DC7FA4193E8D}.Release|Win32.Build.0 = Release|Win32
	EndGlobalSection
	GlobalSection(SolutionProperties) = preSolution
		HideSolutionNode = FALSE
	EndGlobalSection
EndGlobal
