
Microsoft Visual Studio Solution File, Format Version 10.00
# Visual C++ Express 2008
Project("{8BC9CEB8-8B4A-11D0-8D11-00A0C91BC942}") = "Programm 8.1.5", "Programm 8.1.5\Programm 8.1.5.vcproj", "{C8C8BDA8-0679-408E-A40C-03BF4CCA972C}"
EndProject
Global
	GlobalSection(SolutionConfigurationPlatforms) = preSolution
		Debug|Win32 = Debug|Win32
		Release|Win32 = Release|Win32
	EndGlobalSection
	GlobalSection(ProjectConfigurationPlatforms) = postSolution
		{C8C8BDA8-0679-408E-A40C-03BF4CCA972C}.Debug|Win32.ActiveCfg = Debug|Win32
		{C8C8BDA8-0679-408E-A40C-03BF4CCA972C}.Debug|Win32.Build.0 = Debug|Win32
		{C8C8BDA8-0679-408E-A40C-03BF4CCA972C}.Release|Win32.ActiveCfg = Release|Win32
		{C8C8BDA8-0679-408E-A40C-03BF4CCA972C}.Release|Win32.Build.0 = Release|Win32
	EndGlobalSection
	GlobalSection(SolutionProperties) = preSolution
		HideSolutionNode = FALSE
	EndGlobalSection
EndGlobal
